
Microsoft Visual Studio Solution File, Format Version 12.00
# Visual Studio Version 16
VisualStudioVersion = 16.0.33027.164
MinimumVisualStudioVersion = 10.0.40219.1
Project("{8BC9CEB8-8B4A-11D0-8D11-00A0C91BC942}") = "Tag1_01StapelProjekt", "Tag1_01StapelProjekt\Tag1_01StapelProjekt.vcxproj", "{49D15B9C-D09D-4948-ACBC-4566B56C9703}"
EndProject
Project("{8BC9CEB8-8B4A-11D0-8D11-00A0C91BC942}") = "Tag1_01StapelProjektTest", "Tag1_01StapelProjektTest\Tag1_01StapelProjektTest.vcxproj", "{0152247C-6026-4903-8FF0-4D65BACFCC1F}"
EndProject
Global
	GlobalSection(SolutionConfigurationPlatforms) = preSolution
		Debug|x64 = Debug|x64
		Debug|x86 = Debug|x86
		Release|x64 = Release|x64
		Release|x86 = Release|x86
	EndGlobalSection
	GlobalSection(ProjectConfigurationPlatforms) = postSolution
		{49D15B9C-D09D-4948-ACBC-4566B56C9703}.Debug|x64.ActiveCfg = Debug|x64
		{49D15B9C-D09D-4948-ACBC-4566B56C9703}.Debug|x64.Build.0 = Debug|x64
		{49D15B9C-D09D-4948-ACBC-4566B56C9703}.Debug|x86.ActiveCfg = Debug|Win32
		{49D15B9C-D09D-4948-ACBC-4566B56C9703}.Debug|x86.Build.0 = Debug|Win32
		{49D15B9C-D09D-4948-ACBC-4566B56C9703}.Release|x64.ActiveCfg = Release|x64
		{49D15B9C-D09D-4948-ACBC-4566B56C9703}.Release|x64.Build.0 = Release|x64
		{49D15B9C-D09D-4948-ACBC-4566B56C9703}.Release|x86.ActiveCfg = Release|Win32
		{49D15B9C-D09D-4948-ACBC-4566B56C9703}.Release|x86.Build.0 = Release|Win32
		{0152247C-6026-4903-8FF0-4D65BACFCC1F}.Debug|x64.ActiveCfg = Debug|x64
		{0152247C-6026-4903-8FF0-4D65BACFCC1F}.Debug|x64.Build.0 = Debug|x64
		{0152247C-6026-4903-8FF0-4D65BACFCC1F}.Debug|x86.ActiveCfg = Debug|Win32
		{0152247C-6026-4903-8FF0-4D65BACFCC1F}.Debug|x86.Build.0 = Debug|Win32
		{0152247C-6026-4903-8FF0-4D65BACFCC1F}.Release|x64.ActiveCfg = Release|x64
		{0152247C-6026-4903-8FF0-4D65BACFCC1F}.Release|x64.Build.0 = Release|x64
		{0152247C-6026-4903-8FF0-4D65BACFCC1F}.Release|x86.ActiveCfg = Release|Win32
		{0152247C-6026-4903-8FF0-4D65BACFCC1F}.Release|x86.Build.0 = Release|Win32
	EndGlobalSection
	GlobalSection(SolutionProperties) = preSolution
		HideSolutionNode = FALSE
	EndGlobalSection
	GlobalSection(ExtensibilityGlobals) = postSolution
		SolutionGuid = {4956F24F-8BC9-4955-B057-8642654407E4}
	EndGlobalSection
EndGlobal
